
Microsoft Visual Studio Solution File, Format Version 12.00
# Visual Studio 15
VisualStudioVersion = 15.0.28010.2026
MinimumVisualStudioVersion = 10.0.40219.1
Project("{FAE04EC0-301F-11D3-BF4B-00C04F79EFBC}") = "MyMathDLL", "MyMathDLL\MyMathDLL.csproj", "{C3FA2524-986E-4BDD-9249-43AC0F38D65E}"
EndProject
Project("{FAE04EC0-301F-11D3-BF4B-00C04F79EFBC}") = "MyMathDLLTest", "MyMathDLLTest\MyMathDLLTest.csproj", "{08B733AE-970C-412A-890A-F7F27A596448}"
EndProject
Global
	GlobalSection(SolutionConfigurationPlatforms) = preSolution
		Debug|Any CPU = Debug|Any CPU
		Release|Any CPU = Release|Any CPU
	EndGlobalSection
	GlobalSection(ProjectConfigurationPlatforms) = postSolution
		{C3FA2524-986E-4BDD-9249-43AC0F38D65E}.Debug|Any CPU.ActiveCfg = Debug|Any CPU
		{C3FA2524-986E-4BDD-9249-43AC0F38D65E}.Debug|Any CPU.Build.0 = Debug|Any CPU
		{C3FA2524-986E-4BDD-9249-43AC0F38D65E}.Release|Any CPU.ActiveCfg = Release|Any CPU
		{C3FA2524-986E-4BDD-9249-43AC0F38D65E}.Release|Any CPU.Build.0 = Release|Any CPU
		{08B733AE-970C-412A-890A-F7F27A596448}.Debug|Any CPU.ActiveCfg = Debug|Any CPU
		{08B733AE-970C-412A-890A-F7F27A596448}.Debug|Any CPU.Build.0 = Debug|Any CPU
		{08B733AE-970C-412A-890A-F7F27A596448}.Release|Any CPU.ActiveCfg = Release|Any CPU
		{08B733AE-970C-412A-890A-F7F27A596448}.Release|Any CPU.Build.0 = Release|Any CPU
	EndGlobalSection
	GlobalSection(SolutionProperties) = preSolution
		HideSolutionNode = FALSE
	EndGlobalSection
	GlobalSection(ExtensibilityGlobals) = postSolution
		SolutionGuid = {2E511175-1761-4A4E-81ED-7A3B869D384A}
	EndGlobalSection
EndGlobal
